// !$*UTF8*$!
{
	archiveVersion = 1;
	classes = {
	};
	objectVersion = 77;
	objects = {

/* Begin PBXBuildFile section */
		2A01B9892ED11A1B00FFAA16 /* RxSwift in Frameworks */ = {isa = PBXBuildFile; productRef = 2A01B9882ED11A1B00FFAA16 /* RxSwift */; };
		2A01B98C2ED11A2500FFAA16 /* Moya in Frameworks */ = {isa = PBXBuildFile; productRef = 2A01B98B2ED11A2500FFAA16 /* Moya */; };
		2A01B98E2ED11A2500FFAA16 /* RxMoya in Frameworks */ = {isa = PBXBuildFile; productRef = 2A01B98D2ED11A2500FFAA16 /* RxMoya */; };
		2A5013B12ECFDC0F008DF818 /* Swinject in Frameworks */ = {isa = PBXBuildFile; productRef = 2A5013B02ECFDC0F008DF818 /* Swinject */; };
		2AFBDB772ED027360024F5CB /* Config.xcconfig in Resources */ = {isa = PBXBuildFile; fileRef = 2AFBDB762ED027360024F5CB /* Config.xcconfig */; };
		2AFBDB8D2ED0323F0024F5CB /* Alamofire in Frameworks */ = {isa = PBXBuildFile; productRef = 2AFBDB8C2ED0323F0024F5CB /* Alamofire */; };
/* End PBXBuildFile section */

/* Begin PBXContainerItemProxy section */
		2AECD4982ECFC29B00093EFC /* PBXContainerItemProxy */ = {
			isa = PBXContainerItemProxy;
			containerPortal = 2AECD4762ECFC29800093EFC /* Project object */;
			proxyType = 1;
			remoteGlobalIDString = 2AECD47D2ECFC29800093EFC;
			remoteInfo = CoinMasterz;
		};
		2AECD4A22ECFC29B00093EFC /* PBXContainerItemProxy */ = {
			isa = PBXContainerItemProxy;
			containerPortal = 2AECD4762ECFC29800093EFC /* Project object */;
			proxyType = 1;
			remoteGlobalIDString = 2AECD47D2ECFC29800093EFC;
			remoteInfo = CoinMasterz;
		};
/* End PBXContainerItemProxy section */

/* Begin PBXFileReference section */
		2AECD47E2ECFC29800093EFC /* CoinMasterz.app */ = {isa = PBXFileReference; explicitFileType = wrapper.application; includeInIndex = 0; path = CoinMasterz.app; sourceTree = BUILT_PRODUCTS_DIR; };
		2AECD4972ECFC29B00093EFC /* CoinMasterzTests.xctest */ = {isa = PBXFileReference; explicitFileType = wrapper.cfbundle; includeInIndex = 0; path = CoinMasterzTests.xctest; sourceTree = BUILT_PRODUCTS_DIR; };
		2AECD4A12ECFC29B00093EFC /* CoinMasterzUITests.xctest */ = {isa = PBXFileReference; explicitFileType = wrapper.cfbundle; includeInIndex = 0; path = CoinMasterzUITests.xctest; sourceTree = BUILT_PRODUCTS_DIR; };
		2AFBDB762ED027360024F5CB /* Config.xcconfig */ = {isa = PBXFileReference; lastKnownFileType = text.xcconfig; path = Config.xcconfig; sourceTree = "<group>"; };
/* End PBXFileReference section */

/* Begin PBXFileSystemSynchronizedBuildFileExceptionSet section */
		2AECD4A92ECFC29B00093EFC /* Exceptions for "CoinMasterz" folder in "CoinMasterz" target */ = {
			isa = PBXFileSystemSynchronizedBuildFileExceptionSet;
			membershipExceptions = (
				Resources/Info.plist,
			);
			target = 2AECD47D2ECFC29800093EFC /* CoinMasterz */;
		};
/* End PBXFileSystemSynchronizedBuildFileExceptionSet section */

/* Begin PBXFileSystemSynchronizedRootGroup section */
		2AECD4802ECFC29800093EFC /* CoinMasterz */ = {
			isa = PBXFileSystemSynchronizedRootGroup;
			exceptions = (
				2AECD4A92ECFC29B00093EFC /* Exceptions for "CoinMasterz" folder in "CoinMasterz" target */,
			);
			path = CoinMasterz;
			sourceTree = "<group>";
		};
		2AECD49A2ECFC29B00093EFC /* CoinMasterzTests */ = {
			isa = PBXFileSystemSynchronizedRootGroup;
			path = CoinMasterzTests;
			sourceTree = "<group>";
		};
		2AECD4A42ECFC29B00093EFC /* CoinMasterzUITests */ = {
			isa = PBXFileSystemSynchronizedRootGroup;
			path = CoinMasterzUITests;
			sourceTree = "<group>";
		};
/* End PBXFileSystemSynchronizedRootGroup section */

/* Begin PBXFrameworksBuildPhase section */
		2AECD47B2ECFC29800093EFC /* Frameworks */ = {
			isa = PBXFrameworksBuildPhase;
			buildActionMask = 2147483647;
			files = (
				2A01B98E2ED11A2500FFAA16 /* RxMoya in Frameworks */,
				2A01B9892ED11A1B00FFAA16 /* RxSwift in Frameworks */,
				2AFBDB8D2ED0323F0024F5CB /* Alamofire in Frameworks */,
				2A01B98C2ED11A2500FFAA16 /* Moya in Frameworks */,
				2A5013B12ECFDC0F008DF818 /* Swinject in Frameworks */,
			);
			runOnlyForDeploymentPostprocessing = 0;
		};
		2AECD4942ECFC29B00093EFC /* Frameworks */ = {
			isa = PBXFrameworksBuildPhase;
			buildActionMask = 2147483647;
			files = (
			);
			runOnlyForDeploymentPostprocessing = 0;
		};
		2AECD49E2ECFC29B00093EFC /* Frameworks */ = {
			isa = PBXFrameworksBuildPhase;
			buildActionMask = 2147483647;
			files = (
			);
			runOnlyForDeploymentPostprocessing = 0;
		};
/* End PBXFrameworksBuildPhase section */

/* Begin PBXGroup section */
		2AECD4752ECFC29800093EFC = {
			isa = PBXGroup;
			children = (
				2AECD4802ECFC29800093EFC /* CoinMasterz */,
				2AECD49A2ECFC29B00093EFC /* CoinMasterzTests */,
				2AECD4A42ECFC29B00093EFC /* CoinMasterzUITests */,
				2AECD47F2ECFC29800093EFC /* Products */,
				2AFBDB762ED027360024F5CB /* Config.xcconfig */,
			);
			sourceTree = "<group>";
		};
		2AECD47F2ECFC29800093EFC /* Products */ = {
			isa = PBXGroup;
			children = (
				2AECD47E2ECFC29800093EFC /* CoinMasterz.app */,
				2AECD4972ECFC29B00093EFC /* CoinMasterzTests.xctest */,
				2AECD4A12ECFC29B00093EFC /* CoinMasterzUITests.xctest */,
			);
			name = Products;
			sourceTree = "<group>";
		};
/* End PBXGroup section */

/* Begin PBXNativeTarget section */
		2AECD47D2ECFC29800093EFC /* CoinMasterz */ = {
			isa = PBXNativeTarget;
			buildConfigurationList = 2AECD4AA2ECFC29B00093EFC /* Build configuration list for PBXNativeTarget "CoinMasterz" */;
			buildPhases = (
				2AECD47A2ECFC29800093EFC /* Sources */,
				2AECD47B2ECFC29800093EFC /* Frameworks */,
				2AECD47C2ECFC29800093EFC /* Resources */,
			);
			buildRules = (
			);
			dependencies = (
			);
			fileSystemSynchronizedGroups = (
				2AECD4802ECFC29800093EFC /* CoinMasterz */,
			);
			name = CoinMasterz;
			packageProductDependencies = (
				2A5013B02ECFDC0F008DF818 /* Swinject */,
				2AFBDB8C2ED0323F0024F5CB /* Alamofire */,
				2A01B9882ED11A1B00FFAA16 /* RxSwift */,
				2A01B98B2ED11A2500FFAA16 /* Moya */,
				2A01B98D2ED11A2500FFAA16 /* RxMoya */,
			);
			productName = CoinMasterz;
			productReference = 2AECD47E2ECFC29800093EFC /* CoinMasterz.app */;
			productType = "com.apple.product-type.application";
		};
		2AECD4962ECFC29B00093EFC /* CoinMasterzTests */ = {
			isa = PBXNativeTarget;
			buildConfigurationList = 2AECD4AF2ECFC29B00093EFC /* Build configuration list for PBXNativeTarget "CoinMasterzTests" */;
			buildPhases = (
				2AECD4932ECFC29B00093EFC /* Sources */,
				2AECD4942ECFC29B00093EFC /* Frameworks */,
				2AECD4952ECFC29B00093EFC /* Resources */,
			);
			buildRules = (
			);
			dependencies = (
				2AECD4992ECFC29B00093EFC /* PBXTargetDependency */,
			);
			fileSystemSynchronizedGroups = (
				2AECD49A2ECFC29B00093EFC /* CoinMasterzTests */,
			);
			name = CoinMasterzTests;
			packageProductDependencies = (
			);
			productName = CoinMasterzTests;
			productReference = 2AECD4972ECFC29B00093EFC /* CoinMasterzTests.xctest */;
			productType = "com.apple.product-type.bundle.unit-test";
		};
		2AECD4A02ECFC29B00093EFC /* CoinMasterzUITests */ = {
			isa = PBXNativeTarget;
			buildConfigurationList = 2AECD4B22ECFC29B00093EFC /* Build configuration list for PBXNativeTarget "CoinMasterzUITests" */;
			buildPhases = (
				2AECD49D2ECFC29B00093EFC /* Sources */,
				2AECD49E2ECFC29B00093EFC /* Frameworks */,
				2AECD49F2ECFC29B00093EFC /* Resources */,
			);
			buildRules = (
			);
			dependencies = (
				2AECD4A32ECFC29B00093EFC /* PBXTargetDependency */,
			);
			fileSystemSynchronizedGroups = (
				2AECD4A42ECFC29B00093EFC /* CoinMasterzUITests */,
			);
			name = CoinMasterzUITests;
			packageProductDependencies = (
			);
			productName = CoinMasterzUITests;
			productReference = 2AECD4A12ECFC29B00093EFC /* CoinMasterzUITests.xctest */;
			productType = "com.apple.product-type.bundle.ui-testing";
		};
/* End PBXNativeTarget section */

/* Begin PBXProject section */
		2AECD4762ECFC29800093EFC /* Project object */ = {
			isa = PBXProject;
			attributes = {
				BuildIndependentTargetsInParallel = 1;
				LastSwiftUpdateCheck = 2610;
				LastUpgradeCheck = 2610;
				TargetAttributes = {
					2AECD47D2ECFC29800093EFC = {
						CreatedOnToolsVersion = 26.1.1;
					};
					2AECD4962ECFC29B00093EFC = {
						CreatedOnToolsVersion = 26.1.1;
						TestTargetID = 2AECD47D2ECFC29800093EFC;
					};
					2AECD4A02ECFC29B00093EFC = {
						CreatedOnToolsVersion = 26.1.1;
						TestTargetID = 2AECD47D2ECFC29800093EFC;
					};
				};
			};
			buildConfigurationList = 2AECD4792ECFC29800093EFC /* Build configuration list for PBXProject "CoinMasterz" */;
			developmentRegion = en;
			hasScannedForEncodings = 0;
			knownRegions = (
				en,
				Base,
			);
			mainGroup = 2AECD4752ECFC29800093EFC;
			minimizedProjectReferenceProxies = 1;
			packageReferences = (
				2A5013AF2ECFDC0F008DF818 /* XCRemoteSwiftPackageReference "Swinject" */,
				2AFBDB8B2ED0323F0024F5CB /* XCRemoteSwiftPackageReference "Alamofire" */,
				2A01B9872ED11A1B00FFAA16 /* XCRemoteSwiftPackageReference "RxSwift" */,
				2A01B98A2ED11A2500FFAA16 /* XCRemoteSwiftPackageReference "Moya" */,
			);
			preferredProjectObjectVersion = 77;
			productRefGroup = 2AECD47F2ECFC29800093EFC /* Products */;
			projectDirPath = "";
			projectRoot = "";
			targets = (
				2AECD47D2ECFC29800093EFC /* CoinMasterz */,
				2AECD4962ECFC29B00093EFC /* CoinMasterzTests */,
				2AECD4A02ECFC29B00093EFC /* CoinMasterzUITests */,
			);
		};
/* End PBXProject section */

/* Begin PBXResourcesBuildPhase section */
		2AECD47C2ECFC29800093EFC /* Resources */ = {
			isa = PBXResourcesBuildPhase;
			buildActionMask = 2147483647;
			files = (
				2AFBDB772ED027360024F5CB /* Config.xcconfig in Resources */,
			);
			runOnlyForDeploymentPostprocessing = 0;
		};
		2AECD4952ECFC29B00093EFC /* Resources */ = {
			isa = PBXResourcesBuildPhase;
			buildActionMask = 2147483647;
			files = (
			);
			runOnlyForDeploymentPostprocessing = 0;
		};
		2AECD49F2ECFC29B00093EFC /* Resources */ = {
			isa = PBXResourcesBuildPhase;
			buildActionMask = 2147483647;
			files = (
			);
			runOnlyForDeploymentPostprocessing = 0;
		};
/* End PBXResourcesBuildPhase section */

/* Begin PBXSourcesBuildPhase section */
		2AECD47A2ECFC29800093EFC /* Sources */ = {
			isa = PBXSourcesBuildPhase;
			buildActionMask = 2147483647;
			files = (
			);
			runOnlyForDeploymentPostprocessing = 0;
		};
		2AECD4932ECFC29B00093EFC /* Sources */ = {
			isa = PBXSourcesBuildPhase;
			buildActionMask = 2147483647;
			files = (
			);
			runOnlyForDeploymentPostprocessing = 0;
		};
		2AECD49D2ECFC29B00093EFC /* Sources */ = {
			isa = PBXSourcesBuildPhase;
			buildActionMask = 2147483647;
			files = (
			);
			runOnlyForDeploymentPostprocessing = 0;
		};
/* End PBXSourcesBuildPhase section */

/* Begin PBXTargetDependency section */
		2AECD4992ECFC29B00093EFC /* PBXTargetDependency */ = {
			isa = PBXTargetDependency;
			target = 2AECD47D2ECFC29800093EFC /* CoinMasterz */;
			targetProxy = 2AECD4982ECFC29B00093EFC /* PBXContainerItemProxy */;
		};
		2AECD4A32ECFC29B00093EFC /* PBXTargetDependency */ = {
			isa = PBXTargetDependency;
			target = 2AECD47D2ECFC29800093EFC /* CoinMasterz */;
			targetProxy = 2AECD4A22ECFC29B00093EFC /* PBXContainerItemProxy */;
		};
/* End PBXTargetDependency section */

/* Begin XCBuildConfiguration section */
		2AECD4AB2ECFC29B00093EFC /* Debug */ = {
			isa = XCBuildConfiguration;
			buildSettings = {
				ASSETCATALOG_COMPILER_APPICON_NAME = AppIcon;
				ASSETCATALOG_COMPILER_GLOBAL_ACCENT_COLOR_NAME = AccentColor;
				CODE_SIGN_STYLE = Automatic;
				CURRENT_PROJECT_VERSION = 1;
				DEVELOPMENT_TEAM = S6DJ727MSY;
				GENERATE_INFOPLIST_FILE = YES;
				INFOPLIST_FILE = CoinMasterz/Resources/Info.plist;
				INFOPLIST_KEY_CFBundleDisplayName = "Coin Masterz";
				INFOPLIST_KEY_LSApplicationCategoryType = "public.app-category.finance";
				INFOPLIST_KEY_UIApplicationSupportsIndirectInputEvents = YES;
				INFOPLIST_KEY_UILaunchStoryboardName = LaunchScreen;
				INFOPLIST_KEY_UISupportedInterfaceOrientations = UIInterfaceOrientationPortrait;
				INFOPLIST_KEY_UISupportedInterfaceOrientations_iPad = "UIInterfaceOrientationLandscapeLeft UIInterfaceOrientationLandscapeRight UIInterfaceOrientationPortrait UIInterfaceOrientationPortraitUpsideDown";
				IPHONEOS_DEPLOYMENT_TARGET = 16.0;
				LD_RUNPATH_SEARCH_PATHS = (
					"$(inherited)",
					"@executable_path/Frameworks",
				);
				MARKETING_VERSION = 1.0;
				PRODUCT_BUNDLE_IDENTIFIER = com.mujo.coinmasterz.app;
				PRODUCT_NAME = "$(TARGET_NAME)";
				STRING_CATALOG_GENERATE_SYMBOLS = YES;
				SUPPORTED_PLATFORMS = "iphoneos iphonesimulator";
				SUPPORTS_MACCATALYST = NO;
				SUPPORTS_MAC_DESIGNED_FOR_IPHONE_IPAD = NO;
				SUPPORTS_XR_DESIGNED_FOR_IPHONE_IPAD = NO;
				SWIFT_APPROACHABLE_CONCURRENCY = YES;
				SWIFT_DEFAULT_ACTOR_ISOLATION = MainActor;
				SWIFT_EMIT_LOC_STRINGS = YES;
				SWIFT_UPCOMING_FEATURE_MEMBER_IMPORT_VISIBILITY = YES;
				SWIFT_VERSION = 5.0;
				TARGETED_DEVICE_FAMILY = 1;
			};
			name = Debug;
		};
		2AECD4AC2ECFC29B00093EFC /* Release */ = {
			isa = XCBuildConfiguration;
			buildSettings = {
				ASSETCATALOG_COMPILER_APPICON_NAME = AppIcon;
				ASSETCATALOG_COMPILER_GLOBAL_ACCENT_COLOR_NAME = AccentColor;
				CODE_SIGN_STYLE = Automatic;
				CURRENT_PROJECT_VERSION = 1;
				DEVELOPMENT_TEAM = S6DJ727MSY;
				GENERATE_INFOPLIST_FILE = YES;
				INFOPLIST_FILE = CoinMasterz/Resources/Info.plist;
				INFOPLIST_KEY_CFBundleDisplayName = "Coin Masterz";
				INFOPLIST_KEY_LSApplicationCategoryType = "public.app-category.finance";
				INFOPLIST_KEY_UIApplicationSupportsIndirectInputEvents = YES;
				INFOPLIST_KEY_UILaunchStoryboardName = LaunchScreen;
				INFOPLIST_KEY_UISupportedInterfaceOrientations = UIInterfaceOrientationPortrait;
				INFOPLIST_KEY_UISupportedInterfaceOrientations_iPad = "UIInterfaceOrientationLandscapeLeft UIInterfaceOrientationLandscapeRight UIInterfaceOrientationPortrait UIInterfaceOrientationPortraitUpsideDown";
				IPHONEOS_DEPLOYMENT_TARGET = 16.0;
				LD_RUNPATH_SEARCH_PATHS = (
					"$(inherited)",
					"@executable_path/Frameworks",
				);
				MARKETING_VERSION = 1.0;
				PRODUCT_BUNDLE_IDENTIFIER = com.mujo.coinmasterz.app;
				PRODUCT_NAME = "$(TARGET_NAME)";
				STRING_CATALOG_GENERATE_SYMBOLS = YES;
				SUPPORTED_PLATFORMS = "iphoneos iphonesimulator";
				SUPPORTS_MACCATALYST = NO;
				SUPPORTS_MAC_DESIGNED_FOR_IPHONE_IPAD = NO;
				SUPPORTS_XR_DESIGNED_FOR_IPHONE_IPAD = NO;
				SWIFT_APPROACHABLE_CONCURRENCY = YES;
				SWIFT_DEFAULT_ACTOR_ISOLATION = MainActor;
				SWIFT_EMIT_LOC_STRINGS = YES;
				SWIFT_UPCOMING_FEATURE_MEMBER_IMPORT_VISIBILITY = YES;
				SWIFT_VERSION = 5.0;
				TARGETED_DEVICE_FAMILY = 1;
			};
			name = Release;
		};
		2AECD4AD2ECFC29B00093EFC /* Debug */ = {
			isa = XCBuildConfiguration;
			baseConfigurationReference = 2AFBDB762ED027360024F5CB /* Config.xcconfig */;
			buildSettings = {
				ALWAYS_SEARCH_USER_PATHS = NO;
				ASSETCATALOG_COMPILER_GENERATE_SWIFT_ASSET_SYMBOL_EXTENSIONS = YES;
				CLANG_ANALYZER_NONNULL = YES;
				CLANG_ANALYZER_NUMBER_OBJECT_CONVERSION = YES_AGGRESSIVE;
				CLANG_CXX_LANGUAGE_STANDARD = "gnu++20";
				CLANG_ENABLE_MODULES = YES;
				CLANG_ENABLE_OBJC_ARC = YES;
				CLANG_ENABLE_OBJC_WEAK = YES;
				CLANG_WARN_BLOCK_CAPTURE_AUTORELEASING = YES;
				CLANG_WARN_BOOL_CONVERSION = YES;
				CLANG_WARN_COMMA = YES;
				CLANG_WARN_CONSTANT_CONVERSION = YES;
				CLANG_WARN_DEPRECATED_OBJC_IMPLEMENTATIONS = YES;
				CLANG_WARN_DIRECT_OBJC_ISA_USAGE = YES_ERROR;
				CLANG_WARN_DOCUMENTATION_COMMENTS = YES;
				CLANG_WARN_EMPTY_BODY = YES;
				CLANG_WARN_ENUM_CONVERSION = YES;
				CLANG_WARN_INFINITE_RECURSION = YES;
				CLANG_WARN_INT_CONVERSION = YES;
				CLANG_WARN_NON_LITERAL_NULL_CONVERSION = YES;
				CLANG_WARN_OBJC_IMPLICIT_RETAIN_SELF = YES;
				CLANG_WARN_OBJC_LITERAL_CONVERSION = YES;
				CLANG_WARN_OBJC_ROOT_CLASS = YES_ERROR;
				CLANG_WARN_QUOTED_INCLUDE_IN_FRAMEWORK_HEADER = YES;
				CLANG_WARN_RANGE_LOOP_ANALYSIS = YES;
				CLANG_WARN_STRICT_PROTOTYPES = YES;
				CLANG_WARN_SUSPICIOUS_MOVE = YES;
				CLANG_WARN_UNGUARDED_AVAILABILITY = YES_AGGRESSIVE;
				CLANG_WARN_UNREACHABLE_CODE = YES;
				CLANG_WARN__DUPLICATE_METHOD_MATCH = YES;
				COPY_PHASE_STRIP = NO;
				DEBUG_INFORMATION_FORMAT = dwarf;
				DEVELOPMENT_TEAM = S6DJ727MSY;
				ENABLE_STRICT_OBJC_MSGSEND = YES;
				ENABLE_TESTABILITY = YES;
				ENABLE_USER_SCRIPT_SANDBOXING = YES;
				GCC_C_LANGUAGE_STANDARD = gnu17;
				GCC_DYNAMIC_NO_PIC = NO;
				GCC_NO_COMMON_BLOCKS = YES;
				GCC_OPTIMIZATION_LEVEL = 0;
				GCC_PREPROCESSOR_DEFINITIONS = (
					"DEBUG=1",
					"$(inherited)",
				);
				GCC_WARN_64_TO_32_BIT_CONVERSION = YES;
				GCC_WARN_ABOUT_RETURN_TYPE = YES_ERROR;
				GCC_WARN_UNDECLARED_SELECTOR = YES;
				GCC_WARN_UNINITIALIZED_AUTOS = YES_AGGRESSIVE;
				GCC_WARN_UNUSED_FUNCTION = YES;
				GCC_WARN_UNUSED_VARIABLE = YES;
				IPHONEOS_DEPLOYMENT_TARGET = 26.1;
				LOCALIZATION_PREFERS_STRING_CATALOGS = YES;
				MTL_ENABLE_DEBUG_INFO = INCLUDE_SOURCE;
				MTL_FAST_MATH = YES;
				ONLY_ACTIVE_ARCH = YES;
				SDKROOT = iphoneos;
				SWIFT_ACTIVE_COMPILATION_CONDITIONS = "DEBUG $(inherited)";
				SWIFT_OPTIMIZATION_LEVEL = "-Onone";
			};
			name = Debug;
		};
		2AECD4AE2ECFC29B00093EFC /* Release */ = {
			isa = XCBuildConfiguration;
			baseConfigurationReference = 2AFBDB762ED027360024F5CB /* Config.xcconfig */;
			buildSettings = {
				ALWAYS_SEARCH_USER_PATHS = NO;
				ASSETCATALOG_COMPILER_GENERATE_SWIFT_ASSET_SYMBOL_EXTENSIONS = YES;
				CLANG_ANALYZER_NONNULL = YES;
				CLANG_ANALYZER_NUMBER_OBJECT_CONVERSION = YES_AGGRESSIVE;
				CLANG_CXX_LANGUAGE_STANDARD = "gnu++20";
				CLANG_ENABLE_MODULES = YES;
				CLANG_ENABLE_OBJC_ARC = YES;
				CLANG_ENABLE_OBJC_WEAK = YES;
				CLANG_WARN_BLOCK_CAPTURE_AUTORELEASING = YES;
				CLANG_WARN_BOOL_CONVERSION = YES;
				CLANG_WARN_COMMA = YES;
				CLANG_WARN_CONSTANT_CONVERSION = YES;
				CLANG_WARN_DEPRECATED_OBJC_IMPLEMENTATIONS = YES;
				CLANG_WARN_DIRECT_OBJC_ISA_USAGE = YES_ERROR;
				CLANG_WARN_DOCUMENTATION_COMMENTS = YES;
				CLANG_WARN_EMPTY_BODY = YES;
				CLANG_WARN_ENUM_CONVERSION = YES;
				CLANG_WARN_INFINITE_RECURSION = YES;
				CLANG_WARN_INT_CONVERSION = YES;
				CLANG_WARN_NON_LITERAL_NULL_CONVERSION = YES;
				CLANG_WARN_OBJC_IMPLICIT_RETAIN_SELF = YES;
				CLANG_WARN_OBJC_LITERAL_CONVERSION = YES;
				CLANG_WARN_OBJC_ROOT_CLASS = YES_ERROR;
				CLANG_WARN_QUOTED_INCLUDE_IN_FRAMEWORK_HEADER = YES;
				CLANG_WARN_RANGE_LOOP_ANALYSIS = YES;
				CLANG_WARN_STRICT_PROTOTYPES = YES;
				CLANG_WARN_SUSPICIOUS_MOVE = YES;
				CLANG_WARN_UNGUARDED_AVAILABILITY = YES_AGGRESSIVE;
				CLANG_WARN_UNREACHABLE_CODE = YES;
				CLANG_WARN__DUPLICATE_METHOD_MATCH = YES;
				COPY_PHASE_STRIP = NO;
				DEBUG_INFORMATION_FORMAT = "dwarf-with-dsym";
				DEVELOPMENT_TEAM = S6DJ727MSY;
				ENABLE_NS_ASSERTIONS = NO;
				ENABLE_STRICT_OBJC_MSGSEND = YES;
				ENABLE_USER_SCRIPT_SANDBOXING = YES;
				GCC_C_LANGUAGE_STANDARD = gnu17;
				GCC_NO_COMMON_BLOCKS = YES;
				GCC_WARN_64_TO_32_BIT_CONVERSION = YES;
				GCC_WARN_ABOUT_RETURN_TYPE = YES_ERROR;
				GCC_WARN_UNDECLARED_SELECTOR = YES;
				GCC_WARN_UNINITIALIZED_AUTOS = YES_AGGRESSIVE;
				GCC_WARN_UNUSED_FUNCTION = YES;
				GCC_WARN_UNUSED_VARIABLE = YES;
				IPHONEOS_DEPLOYMENT_TARGET = 26.1;
				LOCALIZATION_PREFERS_STRING_CATALOGS = YES;
				MTL_ENABLE_DEBUG_INFO = NO;
				MTL_FAST_MATH = YES;
				SDKROOT = iphoneos;
				SWIFT_COMPILATION_MODE = wholemodule;
				VALIDATE_PRODUCT = YES;
			};
			name = Release;
		};
		2AECD4B02ECFC29B00093EFC /* Debug */ = {
			isa = XCBuildConfiguration;
			buildSettings = {
				BUNDLE_LOADER = "$(TEST_HOST)";
				CODE_SIGN_STYLE = Automatic;
				CURRENT_PROJECT_VERSION = 1;
				DEVELOPMENT_TEAM = S6DJ727MSY;
				GENERATE_INFOPLIST_FILE = YES;
				IPHONEOS_DEPLOYMENT_TARGET = 16.0;
				MARKETING_VERSION = 1.0;
				PRODUCT_BUNDLE_IDENTIFIER = com.mujo.coinmasterz.app.tests;
				PRODUCT_NAME = "$(TARGET_NAME)";
				STRING_CATALOG_GENERATE_SYMBOLS = NO;
				SUPPORTED_PLATFORMS = "iphoneos iphonesimulator";
				SUPPORTS_MACCATALYST = NO;
				SUPPORTS_MAC_DESIGNED_FOR_IPHONE_IPAD = NO;
				SUPPORTS_XR_DESIGNED_FOR_IPHONE_IPAD = NO;
				SWIFT_APPROACHABLE_CONCURRENCY = YES;
				SWIFT_EMIT_LOC_STRINGS = NO;
				SWIFT_UPCOMING_FEATURE_MEMBER_IMPORT_VISIBILITY = YES;
				SWIFT_VERSION = 5.0;
				TARGETED_DEVICE_FAMILY = 1;
				TEST_HOST = "$(BUILT_PRODUCTS_DIR)/CoinMasterz.app/$(BUNDLE_EXECUTABLE_FOLDER_PATH)/CoinMasterz";
			};
			name = Debug;
		};
		2AECD4B12ECFC29B00093EFC /* Release */ = {
			isa = XCBuildConfiguration;
			buildSettings = {
				BUNDLE_LOADER = "$(TEST_HOST)";
				CODE_SIGN_STYLE = Automatic;
				CURRENT_PROJECT_VERSION = 1;
				DEVELOPMENT_TEAM = S6DJ727MSY;
				GENERATE_INFOPLIST_FILE = YES;
				IPHONEOS_DEPLOYMENT_TARGET = 16.0;
				MARKETING_VERSION = 1.0;
				PRODUCT_BUNDLE_IDENTIFIER = com.mujo.coinmasterz.app.tests;
				PRODUCT_NAME = "$(TARGET_NAME)";
				STRING_CATALOG_GENERATE_SYMBOLS = NO;
				SUPPORTED_PLATFORMS = "iphoneos iphonesimulator";
				SUPPORTS_MACCATALYST = NO;
				SUPPORTS_MAC_DESIGNED_FOR_IPHONE_IPAD = NO;
				SUPPORTS_XR_DESIGNED_FOR_IPHONE_IPAD = NO;
				SWIFT_APPROACHABLE_CONCURRENCY = YES;
				SWIFT_EMIT_LOC_STRINGS = NO;
				SWIFT_UPCOMING_FEATURE_MEMBER_IMPORT_VISIBILITY = YES;
				SWIFT_VERSION = 5.0;
				TARGETED_DEVICE_FAMILY = 1;
				TEST_HOST = "$(BUILT_PRODUCTS_DIR)/CoinMasterz.app/$(BUNDLE_EXECUTABLE_FOLDER_PATH)/CoinMasterz";
			};
			name = Release;
		};
		2AECD4B32ECFC29B00093EFC /* Debug */ = {
			isa = XCBuildConfiguration;
			buildSettings = {
				CODE_SIGN_STYLE = Automatic;
				CURRENT_PROJECT_VERSION = 1;
				DEVELOPMENT_TEAM = S6DJ727MSY;
				GENERATE_INFOPLIST_FILE = YES;
				IPHONEOS_DEPLOYMENT_TARGET = 16.0;
				MARKETING_VERSION = 1.0;
				PRODUCT_BUNDLE_IDENTIFIER = com.mujo.coinmasterz.app.uitests;
				PRODUCT_NAME = "$(TARGET_NAME)";
				STRING_CATALOG_GENERATE_SYMBOLS = NO;
				SUPPORTED_PLATFORMS = "iphoneos iphonesimulator";
				SUPPORTS_MACCATALYST = NO;
				SUPPORTS_MAC_DESIGNED_FOR_IPHONE_IPAD = NO;
				SUPPORTS_XR_DESIGNED_FOR_IPHONE_IPAD = NO;
				SWIFT_APPROACHABLE_CONCURRENCY = YES;
				SWIFT_EMIT_LOC_STRINGS = NO;
				SWIFT_UPCOMING_FEATURE_MEMBER_IMPORT_VISIBILITY = YES;
				SWIFT_VERSION = 5.0;
				TARGETED_DEVICE_FAMILY = 1;
				TEST_TARGET_NAME = CoinMasterz;
			};
			name = Debug;
		};
		2AECD4B42ECFC29B00093EFC /* Release */ = {
			isa = XCBuildConfiguration;
			buildSettings = {
				CODE_SIGN_STYLE = Automatic;
				CURRENT_PROJECT_VERSION = 1;
				DEVELOPMENT_TEAM = S6DJ727MSY;
				GENERATE_INFOPLIST_FILE = YES;
				IPHONEOS_DEPLOYMENT_TARGET = 16.0;
				MARKETING_VERSION = 1.0;
				PRODUCT_BUNDLE_IDENTIFIER = com.mujo.coinmasterz.app.uitests;
				PRODUCT_NAME = "$(TARGET_NAME)";
				STRING_CATALOG_GENERATE_SYMBOLS = NO;
				SUPPORTED_PLATFORMS = "iphoneos iphonesimulator";
				SUPPORTS_MACCATALYST = NO;
				SUPPORTS_MAC_DESIGNED_FOR_IPHONE_IPAD = NO;
				SUPPORTS_XR_DESIGNED_FOR_IPHONE_IPAD = NO;
				SWIFT_APPROACHABLE_CONCURRENCY = YES;
				SWIFT_EMIT_LOC_STRINGS = NO;
				SWIFT_UPCOMING_FEATURE_MEMBER_IMPORT_VISIBILITY = YES;
				SWIFT_VERSION = 5.0;
				TARGETED_DEVICE_FAMILY = 1;
				TEST_TARGET_NAME = CoinMasterz;
			};
			name = Release;
		};
/* End XCBuildConfiguration section */

/* Begin XCConfigurationList section */
		2AECD4792ECFC29800093EFC /* Build configuration list for PBXProject "CoinMasterz" */ = {
			isa = XCConfigurationList;
			buildConfigurations = (
				2AECD4AD2ECFC29B00093EFC /* Debug */,
				2AECD4AE2ECFC29B00093EFC /* Release */,
			);
			defaultConfigurationIsVisible = 0;
			defaultConfigurationName = Release;
		};
		2AECD4AA2ECFC29B00093EFC /* Build configuration list for PBXNativeTarget "CoinMasterz" */ = {
			isa = XCConfigurationList;
			buildConfigurations = (
				2AECD4AB2ECFC29B00093EFC /* Debug */,
				2AECD4AC2ECFC29B00093EFC /* Release */,
			);
			defaultConfigurationIsVisible = 0;
			defaultConfigurationName = Release;
		};
		2AECD4AF2ECFC29B00093EFC /* Build configuration list for PBXNativeTarget "CoinMasterzTests" */ = {
			isa = XCConfigurationList;
			buildConfigurations = (
				2AECD4B02ECFC29B00093EFC /* Debug */,
				2AECD4B12ECFC29B00093EFC /* Release */,
			);
			defaultConfigurationIsVisible = 0;
			defaultConfigurationName = Release;
		};
		2AECD4B22ECFC29B00093EFC /* Build configuration list for PBXNativeTarget "CoinMasterzUITests" */ = {
			isa = XCConfigurationList;
			buildConfigurations = (
				2AECD4B32ECFC29B00093EFC /* Debug */,
				2AECD4B42ECFC29B00093EFC /* Release */,
			);
			defaultConfigurationIsVisible = 0;
			defaultConfigurationName = Release;
		};
/* End XCConfigurationList section */

/* Begin XCRemoteSwiftPackageReference section */
		2A01B9872ED11A1B00FFAA16 /* XCRemoteSwiftPackageReference "RxSwift" */ = {
			isa = XCRemoteSwiftPackageReference;
			repositoryURL = "https://github.com/ReactiveX/RxSwift";
			requirement = {
				kind = upToNextMajorVersion;
				minimumVersion = 6.9.1;
			};
		};
		2A01B98A2ED11A2500FFAA16 /* XCRemoteSwiftPackageReference "Moya" */ = {
			isa = XCRemoteSwiftPackageReference;
			repositoryURL = "https://github.com/Moya/Moya.git";
			requirement = {
				kind = upToNextMajorVersion;
				minimumVersion = 15.0.3;
			};
		};
		2A5013AF2ECFDC0F008DF818 /* XCRemoteSwiftPackageReference "Swinject" */ = {
			isa = XCRemoteSwiftPackageReference;
			repositoryURL = "https://github.com/Swinject/Swinject.git";
			requirement = {
				kind = upToNextMajorVersion;
				minimumVersion = 2.10.0;
			};
		};
		2AFBDB8B2ED0323F0024F5CB /* XCRemoteSwiftPackageReference "Alamofire" */ = {
			isa = XCRemoteSwiftPackageReference;
			repositoryURL = "https://github.com/Alamofire/Alamofire.git";
			requirement = {
				kind = upToNextMajorVersion;
				minimumVersion = 5.10.2;
			};
		};
/* End XCRemoteSwiftPackageReference section */

/* Begin XCSwiftPackageProductDependency section */
		2A01B9882ED11A1B00FFAA16 /* RxSwift */ = {
			isa = XCSwiftPackageProductDependency;
			package = 2A01B9872ED11A1B00FFAA16 /* XCRemoteSwiftPackageReference "RxSwift" */;
			productName = RxSwift;
		};
		2A01B98B2ED11A2500FFAA16 /* Moya */ = {
			isa = XCSwiftPackageProductDependency;
			package = 2A01B98A2ED11A2500FFAA16 /* XCRemoteSwiftPackageReference "Moya" */;
			productName = Moya;
		};
		2A01B98D2ED11A2500FFAA16 /* RxMoya */ = {
			isa = XCSwiftPackageProductDependency;
			package = 2A01B98A2ED11A2500FFAA16 /* XCRemoteSwiftPackageReference "Moya" */;
			productName = RxMoya;
		};
		2A5013B02ECFDC0F008DF818 /* Swinject */ = {
			isa = XCSwiftPackageProductDependency;
			package = 2A5013AF2ECFDC0F008DF818 /* XCRemoteSwiftPackageReference "Swinject" */;
			productName = Swinject;
		};
		2AFBDB8C2ED0323F0024F5CB /* Alamofire */ = {
			isa = XCSwiftPackageProductDependency;
			package = 2AFBDB8B2ED0323F0024F5CB /* XCRemoteSwiftPackageReference "Alamofire" */;
			productName = Alamofire;
		};
/* End XCSwiftPackageProductDependency section */
	};
	rootObject = 2AECD4762ECFC29800093EFC /* Project object */;
}
